
Microsoft Visual Studio Solution File, Format Version 12.00
# Visual Studio Version 16
VisualStudioVersion = 16.0.30011.22
MinimumVisualStudioVersion = 10.0.40219.1
Project("{8BC9CEB8-8B4A-11D0-8D11-00A0C91BC942}") = "OpenGL_Sphere", "OpenGL_Sphere\OpenGL_Sphere.vcxproj", "{1AEA64CB-A018-490E-AE66-768F0EECFB7E}"
EndProject
Global
	GlobalSection(SolutionConfigurationPlatforms) = preSolution
		Debug|x64 = Debug|x64
		Debug|x86 = Debug|x86
		Release|x64 = Release|x64
		Release|x86 = Release|x86
	EndGlobalSection
	GlobalSection(ProjectConfigurationPlatforms) = postSolution
		{1AEA64CB-A018-490E-AE66-768F0EECFB7E}.Debug|x64.ActiveCfg = Debug|x64
		{1AEA64CB-A018-490E-AE66-768F0EECFB7E}.Debug|x64.Build.0 = Debug|x64
		{1AEA64CB-A018-490E-AE66-768F0EECFB7E}.Debug|x86.ActiveCfg = Debug|Win32
		{1AEA64CB-A018-490E-AE66-768F0EECFB7E}.Debug|x86.Build.0 = Debug|Win32
		{1AEA64CB-A018-490E-AE66-768F0EECFB7E}.Release|x64.ActiveCfg = Release|x64
		{1AEA64CB-A018-490E-AE66-768F0EECFB7E}.Release|x64.Build.0 = Release|x64
		{1AEA64CB-A018-490E-AE66-768F0EECFB7E}.Release|x86.ActiveCfg = Release|Win32
		{1AEA64CB-A018-490E-AE66-768F0EECFB7E}.Release|x86.Build.0 = Release|Win32
	EndGlobalSection
	GlobalSection(SolutionProperties) = preSolution
		HideSolutionNode = FALSE
	EndGlobalSection
	GlobalSection(ExtensibilityGlobals) = postSolution
		SolutionGuid = {6AB11840-3F99-4517-A5A3-7517E91ABFCB}
	EndGlobalSection
EndGlobal
